// !$*UTF8*$!
{
	archiveVersion = 1;
	classes = {
	};
	objectVersion = 46;
	objects = {

/* Begin PBXBuildFile section */
		2D38E7641CCF7C7100B8C420 /* Level5.sks in Resources */ = {isa = PBXBuildFile; fileRef = 2D38E7631CCF7C7100B8C420 /* Level5.sks */; };
		2D8646261CBF1C58002C8E1B /* WhiteBlockNode.swift in Sources */ = {isa = PBXBuildFile; fileRef = 2D8646251CBF1C58002C8E1B /* WhiteBlockNode.swift */; };
		2D8F8A4C1CCF30DA00807F79 /* Spongeboy Me Bob.ttf in Resources */ = {isa = PBXBuildFile; fileRef = 2D8F8A4B1CCF30DA00807F79 /* Spongeboy Me Bob.ttf */; };
		2D8F8A4F1CCF38D600807F79 /* LevelScene.swift in Sources */ = {isa = PBXBuildFile; fileRef = 2D8F8A4E1CCF38D600807F79 /* LevelScene.swift */; };
		2D8F8A511CCF5CE900807F79 /* Level3.sks in Resources */ = {isa = PBXBuildFile; fileRef = 2D8F8A501CCF5CE900807F79 /* Level3.sks */; };
		2D8F8A531CCF60D100807F79 /* BlackBlockNode.swift in Sources */ = {isa = PBXBuildFile; fileRef = 2D8F8A521CCF60D100807F79 /* BlackBlockNode.swift */; };
		2D8F8A551CCF6B9000807F79 /* Level4.sks in Resources */ = {isa = PBXBuildFile; fileRef = 2D8F8A541CCF6B9000807F79 /* Level4.sks */; };
		2DA52DE11CBEF0C300E0DFD3 /* AppDelegate.swift in Sources */ = {isa = PBXBuildFile; fileRef = 2DA52DE01CBEF0C300E0DFD3 /* AppDelegate.swift */; };
		2DA52DE31CBEF0C300E0DFD3 /* Level0.sks in Resources */ = {isa = PBXBuildFile; fileRef = 2DA52DE21CBEF0C300E0DFD3 /* Level0.sks */; };
		2DA52DE51CBEF0C300E0DFD3 /* GameScene.swift in Sources */ = {isa = PBXBuildFile; fileRef = 2DA52DE41CBEF0C300E0DFD3 /* GameScene.swift */; };
		2DA52DE71CBEF0C300E0DFD3 /* GameViewController.swift in Sources */ = {isa = PBXBuildFile; fileRef = 2DA52DE61CBEF0C300E0DFD3 /* GameViewController.swift */; };
		2DA52DEA1CBEF0C300E0DFD3 /* Main.storyboard in Resources */ = {isa = PBXBuildFile; fileRef = 2DA52DE81CBEF0C300E0DFD3 /* Main.storyboard */; };
		2DA52DEC1CBEF0C300E0DFD3 /* Assets.xcassets in Resources */ = {isa = PBXBuildFile; fileRef = 2DA52DEB1CBEF0C300E0DFD3 /* Assets.xcassets */; };
		2DA52DEF1CBEF0C300E0DFD3 /* LaunchScreen.storyboard in Resources */ = {isa = PBXBuildFile; fileRef = 2DA52DED1CBEF0C300E0DFD3 /* LaunchScreen.storyboard */; };
		2DD8C03B1CC83B04005B0529 /* GameManager.swift in Sources */ = {isa = PBXBuildFile; fileRef = 2DD8C03A1CC83B04005B0529 /* GameManager.swift */; };
		2DD8C03E1CC84F6B005B0529 /* HomeScene.swift in Sources */ = {isa = PBXBuildFile; fileRef = 2DD8C03D1CC84F6B005B0529 /* HomeScene.swift */; };
		2DD8C0401CC87AF4005B0529 /* Level1.sks in Resources */ = {isa = PBXBuildFile; fileRef = 2DD8C03F1CC87AF4005B0529 /* Level1.sks */; };
		2DD8C0421CC87C58005B0529 /* Level2.sks in Resources */ = {isa = PBXBuildFile; fileRef = 2DD8C0411CC87C58005B0529 /* Level2.sks */; };
		2DDB6E4B1CCF8186005A9AAC /* RedBlockNode.swift in Sources */ = {isa = PBXBuildFile; fileRef = 2DDB6E4A1CCF8186005A9AAC /* RedBlockNode.swift */; };
		2DDB6E4D1CCF8377005A9AAC /* Level6.sks in Resources */ = {isa = PBXBuildFile; fileRef = 2DDB6E4C1CCF8377005A9AAC /* Level6.sks */; };
		E11BA69A1CC9084700DA3F92 /* Ball.swift in Sources */ = {isa = PBXBuildFile; fileRef = E11BA6991CC9084700DA3F92 /* Ball.swift */; };
		E11EE8041CCF63C50063057D /* Fireball.sks in Resources */ = {isa = PBXBuildFile; fileRef = E11EE8031CCF63C50063057D /* Fireball.sks */; };
		E1C1A7C11CCF6E72009AC881 /* Explosion.sks in Resources */ = {isa = PBXBuildFile; fileRef = E1C1A7C01CCF6E72009AC881 /* Explosion.sks */; };
		E1C1A7C31CCF6EDE009AC881 /* spark.png in Resources */ = {isa = PBXBuildFile; fileRef = E1C1A7C21CCF6EDE009AC881 /* spark.png */; };
		E1C1A7C81CCFA77A009AC881 /* break block.mp3 in Resources */ = {isa = PBXBuildFile; fileRef = E1C1A7C51CCFA77A009AC881 /* break block.mp3 */; };
		E1C1A7C91CCFA77A009AC881 /* level complete.mp3 in Resources */ = {isa = PBXBuildFile; fileRef = E1C1A7C61CCFA77A009AC881 /* level complete.mp3 */; };
		E1C1A7CA1CCFA77A009AC881 /* level start.mp3 in Resources */ = {isa = PBXBuildFile; fileRef = E1C1A7C71CCFA77A009AC881 /* level start.mp3 */; };
		E1C1A7D81CD4281D009AC881 /* CGFloat+Extensions.swift in Sources */ = {isa = PBXBuildFile; fileRef = E1C1A7CC1CD4281D009AC881 /* CGFloat+Extensions.swift */; };
		E1C1A7D91CD4281D009AC881 /* CGPoint+Extensions.swift in Sources */ = {isa = PBXBuildFile; fileRef = E1C1A7CD1CD4281D009AC881 /* CGPoint+Extensions.swift */; };
		E1C1A7DA1CD4281D009AC881 /* CGVector+Extensions.swift in Sources */ = {isa = PBXBuildFile; fileRef = E1C1A7CE1CD4281D009AC881 /* CGVector+Extensions.swift */; };
		E1C1A7DB1CD4281D009AC881 /* Int+Extensions.swift in Sources */ = {isa = PBXBuildFile; fileRef = E1C1A7CF1CD4281D009AC881 /* Int+Extensions.swift */; };
		E1C1A7DC1CD4281D009AC881 /* SKAction+Extensions.swift in Sources */ = {isa = PBXBuildFile; fileRef = E1C1A7D01CD4281D009AC881 /* SKAction+Extensions.swift */; };
		E1C1A7DD1CD4281D009AC881 /* SKAction+SpecialEffects.swift in Sources */ = {isa = PBXBuildFile; fileRef = E1C1A7D11CD4281D009AC881 /* SKAction+SpecialEffects.swift */; };
		E1C1A7DE1CD4281D009AC881 /* SKColor+Extensions.swift in Sources */ = {isa = PBXBuildFile; fileRef = E1C1A7D21CD4281D009AC881 /* SKColor+Extensions.swift */; };
		E1C1A7DF1CD4281D009AC881 /* SKNode+Extensions.swift in Sources */ = {isa = PBXBuildFile; fileRef = E1C1A7D31CD4281D009AC881 /* SKNode+Extensions.swift */; };
		E1C1A7E01CD4281D009AC881 /* SKTAudio.swift in Sources */ = {isa = PBXBuildFile; fileRef = E1C1A7D41CD4281D009AC881 /* SKTAudio.swift */; };
		E1C1A7E11CD4281D009AC881 /* SKTEffects.swift in Sources */ = {isa = PBXBuildFile; fileRef = E1C1A7D51CD4281D009AC881 /* SKTEffects.swift */; };
		E1C1A7E21CD4281D009AC881 /* SKTTimingFunctions.swift in Sources */ = {isa = PBXBuildFile; fileRef = E1C1A7D61CD4281D009AC881 /* SKTTimingFunctions.swift */; };
		E1C1A7E31CD4281D009AC881 /* Vector3.swift in Sources */ = {isa = PBXBuildFile; fileRef = E1C1A7D71CD4281D009AC881 /* Vector3.swift */; };
/* End PBXBuildFile section */

/* Begin PBXFileReference section */
		2D38E7631CCF7C7100B8C420 /* Level5.sks */ = {isa = PBXFileReference; lastKnownFileType = file.sks; path = Level5.sks; sourceTree = "<group>"; };
		2D8646251CBF1C58002C8E1B /* WhiteBlockNode.swift */ = {isa = PBXFileReference; fileEncoding = 4; lastKnownFileType = sourcecode.swift; path = WhiteBlockNode.swift; sourceTree = "<group>"; };
		2D8F8A4B1CCF30DA00807F79 /* Spongeboy Me Bob.ttf */ = {isa = PBXFileReference; lastKnownFileType = file; path = "Spongeboy Me Bob.ttf"; sourceTree = "<group>"; };
		2D8F8A4E1CCF38D600807F79 /* LevelScene.swift */ = {isa = PBXFileReference; fileEncoding = 4; lastKnownFileType = sourcecode.swift; path = LevelScene.swift; sourceTree = "<group>"; };
		2D8F8A501CCF5CE900807F79 /* Level3.sks */ = {isa = PBXFileReference; lastKnownFileType = file.sks; path = Level3.sks; sourceTree = "<group>"; };
		2D8F8A521CCF60D100807F79 /* BlackBlockNode.swift */ = {isa = PBXFileReference; fileEncoding = 4; lastKnownFileType = sourcecode.swift; path = BlackBlockNode.swift; sourceTree = "<group>"; };
		2D8F8A541CCF6B9000807F79 /* Level4.sks */ = {isa = PBXFileReference; lastKnownFileType = file.sks; path = Level4.sks; sourceTree = "<group>"; };
		2DA52DDD1CBEF0C300E0DFD3 /* WhatsUpPhysics.app */ = {isa = PBXFileReference; explicitFileType = wrapper.application; includeInIndex = 0; path = WhatsUpPhysics.app; sourceTree = BUILT_PRODUCTS_DIR; };
		2DA52DE01CBEF0C300E0DFD3 /* AppDelegate.swift */ = {isa = PBXFileReference; lastKnownFileType = sourcecode.swift; path = AppDelegate.swift; sourceTree = "<group>"; };
		2DA52DE21CBEF0C300E0DFD3 /* Level0.sks */ = {isa = PBXFileReference; lastKnownFileType = file.sks; path = Level0.sks; sourceTree = "<group>"; };
		2DA52DE41CBEF0C300E0DFD3 /* GameScene.swift */ = {isa = PBXFileReference; lastKnownFileType = sourcecode.swift; path = GameScene.swift; sourceTree = "<group>"; };
		2DA52DE61CBEF0C300E0DFD3 /* GameViewController.swift */ = {isa = PBXFileReference; lastKnownFileType = sourcecode.swift; path = GameViewController.swift; sourceTree = "<group>"; };
		2DA52DE91CBEF0C300E0DFD3 /* Base */ = {isa = PBXFileReference; lastKnownFileType = file.storyboard; name = Base; path = Base.lproj/Main.storyboard; sourceTree = "<group>"; };
		2DA52DEB1CBEF0C300E0DFD3 /* Assets.xcassets */ = {isa = PBXFileReference; lastKnownFileType = folder.assetcatalog; path = Assets.xcassets; sourceTree = "<group>"; };
		2DA52DEE1CBEF0C300E0DFD3 /* Base */ = {isa = PBXFileReference; lastKnownFileType = file.storyboard; name = Base; path = Base.lproj/LaunchScreen.storyboard; sourceTree = "<group>"; };
		2DA52DF01CBEF0C300E0DFD3 /* Info.plist */ = {isa = PBXFileReference; lastKnownFileType = text.plist.xml; path = Info.plist; sourceTree = "<group>"; };
		2DD8C03A1CC83B04005B0529 /* GameManager.swift */ = {isa = PBXFileReference; fileEncoding = 4; lastKnownFileType = sourcecode.swift; path = GameManager.swift; sourceTree = "<group>"; };
		2DD8C03D1CC84F6B005B0529 /* HomeScene.swift */ = {isa = PBXFileReference; fileEncoding = 4; lastKnownFileType = sourcecode.swift; path = HomeScene.swift; sourceTree = "<group>"; };
		2DD8C03F1CC87AF4005B0529 /* Level1.sks */ = {isa = PBXFileReference; lastKnownFileType = file.sks; path = Level1.sks; sourceTree = "<group>"; };
		2DD8C0411CC87C58005B0529 /* Level2.sks */ = {isa = PBXFileReference; lastKnownFileType = file.sks; path = Level2.sks; sourceTree = "<group>"; };
		2DDB6E4A1CCF8186005A9AAC /* RedBlockNode.swift */ = {isa = PBXFileReference; fileEncoding = 4; lastKnownFileType = sourcecode.swift; path = RedBlockNode.swift; sourceTree = "<group>"; };
		2DDB6E4C1CCF8377005A9AAC /* Level6.sks */ = {isa = PBXFileReference; lastKnownFileType = file.sks; path = Level6.sks; sourceTree = "<group>"; };
		E11BA6991CC9084700DA3F92 /* Ball.swift */ = {isa = PBXFileReference; fileEncoding = 4; lastKnownFileType = sourcecode.swift; path = Ball.swift; sourceTree = "<group>"; };
		E11EE8031CCF63C50063057D /* Fireball.sks */ = {isa = PBXFileReference; lastKnownFileType = file.sks; path = Fireball.sks; sourceTree = "<group>"; };
		E1C1A7C01CCF6E72009AC881 /* Explosion.sks */ = {isa = PBXFileReference; lastKnownFileType = file.sks; path = Explosion.sks; sourceTree = "<group>"; };
		E1C1A7C21CCF6EDE009AC881 /* spark.png */ = {isa = PBXFileReference; lastKnownFileType = image.png; path = spark.png; sourceTree = "<group>"; };
		E1C1A7C51CCFA77A009AC881 /* break block.mp3 */ = {isa = PBXFileReference; lastKnownFileType = audio.mp3; path = "break block.mp3"; sourceTree = "<group>"; };
		E1C1A7C61CCFA77A009AC881 /* level complete.mp3 */ = {isa = PBXFileReference; lastKnownFileType = audio.mp3; path = "level complete.mp3"; sourceTree = "<group>"; };
		E1C1A7C71CCFA77A009AC881 /* level start.mp3 */ = {isa = PBXFileReference; lastKnownFileType = audio.mp3; path = "level start.mp3"; sourceTree = "<group>"; };
		E1C1A7CC1CD4281D009AC881 /* CGFloat+Extensions.swift */ = {isa = PBXFileReference; fileEncoding = 4; lastKnownFileType = sourcecode.swift; path = "CGFloat+Extensions.swift"; sourceTree = "<group>"; };
		E1C1A7CD1CD4281D009AC881 /* CGPoint+Extensions.swift */ = {isa = PBXFileReference; fileEncoding = 4; lastKnownFileType = sourcecode.swift; path = "CGPoint+Extensions.swift"; sourceTree = "<group>"; };
		E1C1A7CE1CD4281D009AC881 /* CGVector+Extensions.swift */ = {isa = PBXFileReference; fileEncoding = 4; lastKnownFileType = sourcecode.swift; path = "CGVector+Extensions.swift"; sourceTree = "<group>"; };
		E1C1A7CF1CD4281D009AC881 /* Int+Extensions.swift */ = {isa = PBXFileReference; fileEncoding = 4; lastKnownFileType = sourcecode.swift; path = "Int+Extensions.swift"; sourceTree = "<group>"; };
		E1C1A7D01CD4281D009AC881 /* SKAction+Extensions.swift */ = {isa = PBXFileReference; fileEncoding = 4; lastKnownFileType = sourcecode.swift; path = "SKAction+Extensions.swift"; sourceTree = "<group>"; };
		E1C1A7D11CD4281D009AC881 /* SKAction+SpecialEffects.swift */ = {isa = PBXFileReference; fileEncoding = 4; lastKnownFileType = sourcecode.swift; path = "SKAction+SpecialEffects.swift"; sourceTree = "<group>"; };
		E1C1A7D21CD4281D009AC881 /* SKColor+Extensions.swift */ = {isa = PBXFileReference; fileEncoding = 4; lastKnownFileType = sourcecode.swift; path = "SKColor+Extensions.swift"; sourceTree = "<group>"; };
		E1C1A7D31CD4281D009AC881 /* SKNode+Extensions.swift */ = {isa = PBXFileReference; fileEncoding = 4; lastKnownFileType = sourcecode.swift; path = "SKNode+Extensions.swift"; sourceTree = "<group>"; };
		E1C1A7D41CD4281D009AC881 /* SKTAudio.swift */ = {isa = PBXFileReference; fileEncoding = 4; lastKnownFileType = sourcecode.swift; path = SKTAudio.swift; sourceTree = "<group>"; };
		E1C1A7D51CD4281D009AC881 /* SKTEffects.swift */ = {isa = PBXFileReference; fileEncoding = 4; lastKnownFileType = sourcecode.swift; path = SKTEffects.swift; sourceTree = "<group>"; };
		E1C1A7D61CD4281D009AC881 /* SKTTimingFunctions.swift */ = {isa = PBXFileReference; fileEncoding = 4; lastKnownFileType = sourcecode.swift; path = SKTTimingFunctions.swift; sourceTree = "<group>"; };
		E1C1A7D71CD4281D009AC881 /* Vector3.swift */ = {isa = PBXFileReference; fileEncoding = 4; lastKnownFileType = sourcecode.swift; path = Vector3.swift; sourceTree = "<group>"; };
/* End PBXFileReference section */

/* Begin PBXFrameworksBuildPhase section */
		2DA52DDA1CBEF0C200E0DFD3 /* Frameworks */ = {
			isa = PBXFrameworksBuildPhase;
			buildActionMask = 2147483647;
			files = (
			);
			runOnlyForDeploymentPostprocessing = 0;
		};
/* End PBXFrameworksBuildPhase section */

/* Begin PBXGroup section */
		2D86461E1CBF061E002C8E1B /* VC */ = {
			isa = PBXGroup;
			children = (
				2DA52DE61CBEF0C300E0DFD3 /* GameViewController.swift */,
			);
			name = VC;
			sourceTree = "<group>";
		};
		2D86461F1CBF0632002C8E1B /* Scenes */ = {
			isa = PBXGroup;
			children = (
				2DD8C03D1CC84F6B005B0529 /* HomeScene.swift */,
				2DA52DE41CBEF0C300E0DFD3 /* GameScene.swift */,
				2D8F8A4E1CCF38D600807F79 /* LevelScene.swift */,
				2DA52DE21CBEF0C300E0DFD3 /* Level0.sks */,
				2DD8C03F1CC87AF4005B0529 /* Level1.sks */,
				2DD8C0411CC87C58005B0529 /* Level2.sks */,
				2D8F8A501CCF5CE900807F79 /* Level3.sks */,
				2D8F8A541CCF6B9000807F79 /* Level4.sks */,
				2D38E7631CCF7C7100B8C420 /* Level5.sks */,
				2DDB6E4C1CCF8377005A9AAC /* Level6.sks */,
			);
			name = Scenes;
			sourceTree = "<group>";
		};
		2D8646241CBF1BC7002C8E1B /* Nodes */ = {
			isa = PBXGroup;
			children = (
				E11BA6991CC9084700DA3F92 /* Ball.swift */,
				2D8646251CBF1C58002C8E1B /* WhiteBlockNode.swift */,
				2D8F8A521CCF60D100807F79 /* BlackBlockNode.swift */,
				2DDB6E4A1CCF8186005A9AAC /* RedBlockNode.swift */,
			);
			name = Nodes;
			sourceTree = "<group>";
		};
		2D8F8A4D1CCF30E800807F79 /* Fonts */ = {
			isa = PBXGroup;
			children = (
				2D8F8A4B1CCF30DA00807F79 /* Spongeboy Me Bob.ttf */,
			);
			name = Fonts;
			sourceTree = "<group>";
		};
		2DA52DD41CBEF0C200E0DFD3 = {
			isa = PBXGroup;
			children = (
				2DA52DDF1CBEF0C300E0DFD3 /* WhatsUpPhysics */,
				2DA52DDE1CBEF0C300E0DFD3 /* Products */,
			);
			sourceTree = "<group>";
		};
		2DA52DDE1CBEF0C300E0DFD3 /* Products */ = {
			isa = PBXGroup;
			children = (
				2DA52DDD1CBEF0C300E0DFD3 /* WhatsUpPhysics.app */,
			);
			name = Products;
			sourceTree = "<group>";
		};
		2DA52DDF1CBEF0C300E0DFD3 /* WhatsUpPhysics */ = {
			isa = PBXGroup;
			children = (
				2DA52DE01CBEF0C300E0DFD3 /* AppDelegate.swift */,
				2D86461E1CBF061E002C8E1B /* VC */,
				2D86461F1CBF0632002C8E1B /* Scenes */,
				2DD8C03C1CC83B44005B0529 /* Protocols */,
				2D8646241CBF1BC7002C8E1B /* Nodes */,
				2D8F8A4D1CCF30E800807F79 /* Fonts */,
				E1C484641CCF634D0093A00A /* Emitters */,
				E1C1A7C41CCFA769009AC881 /* Sounds */,
				E1C1A7CB1CD427F2009AC881 /* SKUtils */,
				2DA52DE81CBEF0C300E0DFD3 /* Main.storyboard */,
				2DA52DEB1CBEF0C300E0DFD3 /* Assets.xcassets */,
				2DA52DED1CBEF0C300E0DFD3 /* LaunchScreen.storyboard */,
				2DA52DF01CBEF0C300E0DFD3 /* Info.plist */,
			);
			path = WhatsUpPhysics;
			sourceTree = "<group>";
		};
		2DD8C03C1CC83B44005B0529 /* Protocols */ = {
			isa = PBXGroup;
			children = (
				2DD8C03A1CC83B04005B0529 /* GameManager.swift */,
			);
			name = Protocols;
			sourceTree = "<group>";
		};
		E1C1A7C41CCFA769009AC881 /* Sounds */ = {
			isa = PBXGroup;
			children = (
				E1C1A7C51CCFA77A009AC881 /* break block.mp3 */,
				E1C1A7C61CCFA77A009AC881 /* level complete.mp3 */,
				E1C1A7C71CCFA77A009AC881 /* level start.mp3 */,
			);
			name = Sounds;
			sourceTree = "<group>";
		};
		E1C1A7CB1CD427F2009AC881 /* SKUtils */ = {
			isa = PBXGroup;
			children = (
				E1C1A7CC1CD4281D009AC881 /* CGFloat+Extensions.swift */,
				E1C1A7CD1CD4281D009AC881 /* CGPoint+Extensions.swift */,
				E1C1A7CE1CD4281D009AC881 /* CGVector+Extensions.swift */,
				E1C1A7CF1CD4281D009AC881 /* Int+Extensions.swift */,
				E1C1A7D01CD4281D009AC881 /* SKAction+Extensions.swift */,
				E1C1A7D11CD4281D009AC881 /* SKAction+SpecialEffects.swift */,
				E1C1A7D21CD4281D009AC881 /* SKColor+Extensions.swift */,
				E1C1A7D31CD4281D009AC881 /* SKNode+Extensions.swift */,
				E1C1A7D41CD4281D009AC881 /* SKTAudio.swift */,
				E1C1A7D51CD4281D009AC881 /* SKTEffects.swift */,
				E1C1A7D61CD4281D009AC881 /* SKTTimingFunctions.swift */,
				E1C1A7D71CD4281D009AC881 /* Vector3.swift */,
			);
			name = SKUtils;
			sourceTree = "<group>";
		};
		E1C484641CCF634D0093A00A /* Emitters */ = {
			isa = PBXGroup;
			children = (
				E1C1A7C21CCF6EDE009AC881 /* spark.png */,
				E1C1A7C01CCF6E72009AC881 /* Explosion.sks */,
				E11EE8031CCF63C50063057D /* Fireball.sks */,
			);
			name = Emitters;
			sourceTree = "<group>";
		};
/* End PBXGroup section */

/* Begin PBXNativeTarget section */
		2DA52DDC1CBEF0C200E0DFD3 /* WhatsUpPhysics */ = {
			isa = PBXNativeTarget;
			buildConfigurationList = 2DA52DF31CBEF0C300E0DFD3 /* Build configuration list for PBXNativeTarget "WhatsUpPhysics" */;
			buildPhases = (
				2DA52DD91CBEF0C200E0DFD3 /* Sources */,
				2DA52DDA1CBEF0C200E0DFD3 /* Frameworks */,
				2DA52DDB1CBEF0C200E0DFD3 /* Resources */,
			);
			buildRules = (
			);
			dependencies = (
			);
			name = WhatsUpPhysics;
			productName = WhatsUpPhysics;
			productReference = 2DA52DDD1CBEF0C300E0DFD3 /* WhatsUpPhysics.app */;
			productType = "com.apple.product-type.application";
		};
/* End PBXNativeTarget section */

/* Begin PBXProject section */
		2DA52DD51CBEF0C200E0DFD3 /* Project object */ = {
			isa = PBXProject;
			attributes = {
				LastSwiftUpdateCheck = 0730;
				LastUpgradeCheck = 0730;
				ORGANIZATIONNAME = "Ashton Wai & Zachary Bebel";
				TargetAttributes = {
					2DA52DDC1CBEF0C200E0DFD3 = {
						CreatedOnToolsVersion = 7.3;
						DevelopmentTeam = KT6L3A8T5R;
					};
				};
			};
			buildConfigurationList = 2DA52DD81CBEF0C200E0DFD3 /* Build configuration list for PBXProject "WhatsUpPhysics" */;
			compatibilityVersion = "Xcode 3.2";
			developmentRegion = English;
			hasScannedForEncodings = 0;
			knownRegions = (
				en,
				Base,
			);
			mainGroup = 2DA52DD41CBEF0C200E0DFD3;
			productRefGroup = 2DA52DDE1CBEF0C300E0DFD3 /* Products */;
			projectDirPath = "";
			projectRoot = "";
			targets = (
				2DA52DDC1CBEF0C200E0DFD3 /* WhatsUpPhysics */,
			);
		};
/* End PBXProject section */

/* Begin PBXResourcesBuildPhase section */
		2DA52DDB1CBEF0C200E0DFD3 /* Resources */ = {
			isa = PBXResourcesBuildPhase;
			buildActionMask = 2147483647;
			files = (
				E1C1A7CA1CCFA77A009AC881 /* level start.mp3 in Resources */,
				E1C1A7C31CCF6EDE009AC881 /* spark.png in Resources */,
				E1C1A7C91CCFA77A009AC881 /* level complete.mp3 in Resources */,
				2DDB6E4D1CCF8377005A9AAC /* Level6.sks in Resources */,
				2DD8C0421CC87C58005B0529 /* Level2.sks in Resources */,
				2DA52DE31CBEF0C300E0DFD3 /* Level0.sks in Resources */,
				2DA52DEF1CBEF0C300E0DFD3 /* LaunchScreen.storyboard in Resources */,
				2DA52DEC1CBEF0C300E0DFD3 /* Assets.xcassets in Resources */,
				2D8F8A511CCF5CE900807F79 /* Level3.sks in Resources */,
				E11EE8041CCF63C50063057D /* Fireball.sks in Resources */,
				E1C1A7C81CCFA77A009AC881 /* break block.mp3 in Resources */,
				2DA52DEA1CBEF0C300E0DFD3 /* Main.storyboard in Resources */,
				E1C1A7C11CCF6E72009AC881 /* Explosion.sks in Resources */,
				2DD8C0401CC87AF4005B0529 /* Level1.sks in Resources */,
				2D8F8A4C1CCF30DA00807F79 /* Spongeboy Me Bob.ttf in Resources */,
				2D8F8A551CCF6B9000807F79 /* Level4.sks in Resources */,
				2D38E7641CCF7C7100B8C420 /* Level5.sks in Resources */,
			);
			runOnlyForDeploymentPostprocessing = 0;
		};
/* End PBXResourcesBuildPhase section */

/* Begin PBXSourcesBuildPhase section */
		2DA52DD91CBEF0C200E0DFD3 /* Sources */ = {
			isa = PBXSourcesBuildPhase;
			buildActionMask = 2147483647;
			files = (
				E1C1A7E31CD4281D009AC881 /* Vector3.swift in Sources */,
				E1C1A7DD1CD4281D009AC881 /* SKAction+SpecialEffects.swift in Sources */,
				E1C1A7E11CD4281D009AC881 /* SKTEffects.swift in Sources */,
				E1C1A7D81CD4281D009AC881 /* CGFloat+Extensions.swift in Sources */,
				2DA52DE51CBEF0C300E0DFD3 /* GameScene.swift in Sources */,
				2D8F8A4F1CCF38D600807F79 /* LevelScene.swift in Sources */,
				2D8646261CBF1C58002C8E1B /* WhiteBlockNode.swift in Sources */,
				2DA52DE71CBEF0C300E0DFD3 /* GameViewController.swift in Sources */,
				E11BA69A1CC9084700DA3F92 /* Ball.swift in Sources */,
				E1C1A7DC1CD4281D009AC881 /* SKAction+Extensions.swift in Sources */,
				2DDB6E4B1CCF8186005A9AAC /* RedBlockNode.swift in Sources */,
				2DD8C03E1CC84F6B005B0529 /* HomeScene.swift in Sources */,
				2D8F8A531CCF60D100807F79 /* BlackBlockNode.swift in Sources */,
				E1C1A7DF1CD4281D009AC881 /* SKNode+Extensions.swift in Sources */,
				2DA52DE11CBEF0C300E0DFD3 /* AppDelegate.swift in Sources */,
				E1C1A7D91CD4281D009AC881 /* CGPoint+Extensions.swift in Sources */,
				E1C1A7DB1CD4281D009AC881 /* Int+Extensions.swift in Sources */,
				E1C1A7E21CD4281D009AC881 /* SKTTimingFunctions.swift in Sources */,
				E1C1A7DA1CD4281D009AC881 /* CGVector+Extensions.swift in Sources */,
				E1C1A7DE1CD4281D009AC881 /* SKColor+Extensions.swift in Sources */,
				E1C1A7E01CD4281D009AC881 /* SKTAudio.swift in Sources */,
				2DD8C03B1CC83B04005B0529 /* GameManager.swift in Sources */,
			);
			runOnlyForDeploymentPostprocessing = 0;
		};
/* End PBXSourcesBuildPhase section */

/* Begin PBXVariantGroup section */
		2DA52DE81CBEF0C300E0DFD3 /* Main.storyboard */ = {
			isa = PBXVariantGroup;
			children = (
				2DA52DE91CBEF0C300E0DFD3 /* Base */,
			);
			name = Main.storyboard;
			sourceTree = "<group>";
		};
		2DA52DED1CBEF0C300E0DFD3 /* LaunchScreen.storyboard */ = {
			isa = PBXVariantGroup;
			children = (
				2DA52DEE1CBEF0C300E0DFD3 /* Base */,
			);
			name = LaunchScreen.storyboard;
			sourceTree = "<group>";
		};
/* End PBXVariantGroup section */

/* Begin XCBuildConfiguration section */
		2DA52DF11CBEF0C300E0DFD3 /* Debug */ = {
			isa = XCBuildConfiguration;
			buildSettings = {
				ALWAYS_SEARCH_USER_PATHS = NO;
				CLANG_ANALYZER_NONNULL = YES;
				CLANG_CXX_LANGUAGE_STANDARD = "gnu++0x";
				CLANG_CXX_LIBRARY = "libc++";
				CLANG_ENABLE_MODULES = YES;
				CLANG_ENABLE_OBJC_ARC = YES;
				CLANG_WARN_BOOL_CONVERSION = YES;
				CLANG_WARN_CONSTANT_CONVERSION = YES;
				CLANG_WARN_DIRECT_OBJC_ISA_USAGE = YES_ERROR;
				CLANG_WARN_EMPTY_BODY = YES;
				CLANG_WARN_ENUM_CONVERSION = YES;
				CLANG_WARN_INT_CONVERSION = YES;
				CLANG_WARN_OBJC_ROOT_CLASS = YES_ERROR;
				CLANG_WARN_UNREACHABLE_CODE = YES;
				CLANG_WARN__DUPLICATE_METHOD_MATCH = YES;
				"CODE_SIGN_IDENTITY[sdk=iphoneos*]" = "iPhone Developer";
				COPY_PHASE_STRIP = NO;
				DEBUG_INFORMATION_FORMAT = "dwarf-with-dsym";
				ENABLE_STRICT_OBJC_MSGSEND = YES;
				ENABLE_TESTABILITY = YES;
				GCC_C_LANGUAGE_STANDARD = gnu99;
				GCC_DYNAMIC_NO_PIC = NO;
				GCC_NO_COMMON_BLOCKS = YES;
				GCC_OPTIMIZATION_LEVEL = 0;
				GCC_PREPROCESSOR_DEFINITIONS = (
					"DEBUG=1",
					"$(inherited)",
				);
				GCC_WARN_64_TO_32_BIT_CONVERSION = YES;
				GCC_WARN_ABOUT_RETURN_TYPE = YES_ERROR;
				GCC_WARN_UNDECLARED_SELECTOR = YES;
				GCC_WARN_UNINITIALIZED_AUTOS = YES_AGGRESSIVE;
				GCC_WARN_UNUSED_FUNCTION = YES;
				GCC_WARN_UNUSED_VARIABLE = YES;
				IPHONEOS_DEPLOYMENT_TARGET = 9.3;
				MTL_ENABLE_DEBUG_INFO = YES;
				ONLY_ACTIVE_ARCH = YES;
				SDKROOT = iphoneos;
				SWIFT_OPTIMIZATION_LEVEL = "-Onone";
				TARGETED_DEVICE_FAMILY = "1,2";
			};
			name = Debug;
		};
		2DA52DF21CBEF0C300E0DFD3 /* Release */ = {
			isa = XCBuildConfiguration;
			buildSettings = {
				ALWAYS_SEARCH_USER_PATHS = NO;
				CLANG_ANALYZER_NONNULL = YES;
				CLANG_CXX_LANGUAGE_STANDARD = "gnu++0x";
				CLANG_CXX_LIBRARY = "libc++";
				CLANG_ENABLE_MODULES = YES;
				CLANG_ENABLE_OBJC_ARC = YES;
				CLANG_WARN_BOOL_CONVERSION = YES;
				CLANG_WARN_CONSTANT_CONVERSION = YES;
				CLANG_WARN_DIRECT_OBJC_ISA_USAGE = YES_ERROR;
				CLANG_WARN_EMPTY_BODY = YES;
				CLANG_WARN_ENUM_CONVERSION = YES;
				CLANG_WARN_INT_CONVERSION = YES;
				CLANG_WARN_OBJC_ROOT_CLASS = YES_ERROR;
				CLANG_WARN_UNREACHABLE_CODE = YES;
				CLANG_WARN__DUPLICATE_METHOD_MATCH = YES;
				"CODE_SIGN_IDENTITY[sdk=iphoneos*]" = "iPhone Developer";
				COPY_PHASE_STRIP = NO;
				DEBUG_INFORMATION_FORMAT = "dwarf-with-dsym";
				ENABLE_NS_ASSERTIONS = NO;
				ENABLE_STRICT_OBJC_MSGSEND = YES;
				GCC_C_LANGUAGE_STANDARD = gnu99;
				GCC_NO_COMMON_BLOCKS = YES;
				GCC_WARN_64_TO_32_BIT_CONVERSION = YES;
				GCC_WARN_ABOUT_RETURN_TYPE = YES_ERROR;
				GCC_WARN_UNDECLARED_SELECTOR = YES;
				GCC_WARN_UNINITIALIZED_AUTOS = YES_AGGRESSIVE;
				GCC_WARN_UNUSED_FUNCTION = YES;
				GCC_WARN_UNUSED_VARIABLE = YES;
				IPHONEOS_DEPLOYMENT_TARGET = 9.3;
				MTL_ENABLE_DEBUG_INFO = NO;
				SDKROOT = iphoneos;
				TARGETED_DEVICE_FAMILY = "1,2";
				VALIDATE_PRODUCT = YES;
			};
			name = Release;
		};
		2DA52DF41CBEF0C300E0DFD3 /* Debug */ = {
			isa = XCBuildConfiguration;
			buildSettings = {
				ASSETCATALOG_COMPILER_APPICON_NAME = AppIcon;
				CODE_SIGN_IDENTITY = "iPhone Developer";
				"CODE_SIGN_IDENTITY[sdk=iphoneos*]" = "iPhone Developer";
				INFOPLIST_FILE = WhatsUpPhysics/Info.plist;
				LD_RUNPATH_SEARCH_PATHS = "$(inherited) @executable_path/Frameworks";
				PRODUCT_BUNDLE_IDENTIFIER = com.IGME590.WhatsUpPhysics;
				PRODUCT_NAME = "$(TARGET_NAME)";
				PROVISIONING_PROFILE = "";
				TARGETED_DEVICE_FAMILY = 2;
			};
			name = Debug;
		};
		2DA52DF51CBEF0C300E0DFD3 /* Release */ = {
			isa = XCBuildConfiguration;
			buildSettings = {
				ASSETCATALOG_COMPILER_APPICON_NAME = AppIcon;
				CODE_SIGN_IDENTITY = "iPhone Developer";
				"CODE_SIGN_IDENTITY[sdk=iphoneos*]" = "iPhone Developer";
				INFOPLIST_FILE = WhatsUpPhysics/Info.plist;
				LD_RUNPATH_SEARCH_PATHS = "$(inherited) @executable_path/Frameworks";
				PRODUCT_BUNDLE_IDENTIFIER = com.IGME590.WhatsUpPhysics;
				PRODUCT_NAME = "$(TARGET_NAME)";
				PROVISIONING_PROFILE = "";
				TARGETED_DEVICE_FAMILY = 2;
			};
			name = Release;
		};
/* End XCBuildConfiguration section */

/* Begin XCConfigurationList section */
		2DA52DD81CBEF0C200E0DFD3 /* Build configuration list for PBXProject "WhatsUpPhysics" */ = {
			isa = XCConfigurationList;
			buildConfigurations = (
				2DA52DF11CBEF0C300E0DFD3 /* Debug */,
				2DA52DF21CBEF0C300E0DFD3 /* Release */,
			);
			defaultConfigurationIsVisible = 0;
			defaultConfigurationName = Release;
		};
		2DA52DF31CBEF0C300E0DFD3 /* Build configuration list for PBXNativeTarget "WhatsUpPhysics" */ = {
			isa = XCConfigurationList;
			buildConfigurations = (
				2DA52DF41CBEF0C300E0DFD3 /* Debug */,
				2DA52DF51CBEF0C300E0DFD3 /* Release */,
			);
			defaultConfigurationIsVisible = 0;
			defaultConfigurationName = Release;
		};
/* End XCConfigurationList section */
	};
	rootObject = 2DA52DD51CBEF0C200E0DFD3 /* Project object */;
}
